
Microsoft Visual Studio Solution File, Format Version 12.00
# Visual Studio 14
VisualStudioVersion = 14.0.22823.1
MinimumVisualStudioVersion = 10.0.40219.1
Project("{FAE04EC0-301F-11D3-BF4B-00C04F79EFBC}") = "CommentAnalyzer", "CommentAnalyzer\CommentAnalyzer\CommentAnalyzer.csproj", "{C3A0DDBF-2FF7-40B0-8733-AC36F0FDAFED}"
EndProject
Project("{FAE04EC0-301F-11D3-BF4B-00C04F79EFBC}") = "CommentAnalyzer.Test", "CommentAnalyzer\CommentAnalyzer.Test\CommentAnalyzer.Test.csproj", "{2A647F3E-8115-4DBD-940A-C719BF7FF2DF}"
EndProject
Project("{FAE04EC0-301F-11D3-BF4B-00C04F79EFBC}") = "CommentAnalyzer.Vsix", "CommentAnalyzer\CommentAnalyzer.Vsix\CommentAnalyzer.Vsix.csproj", "{71C12C49-4A65-4DEE-8B4E-89136478A529}"
EndProject
Global
	GlobalSection(SolutionConfigurationPlatforms) = preSolution
		Debug|Any CPU = Debug|Any CPU
		Release|Any CPU = Release|Any CPU
	EndGlobalSection
	GlobalSection(ProjectConfigurationPlatforms) = postSolution
		{C3A0DDBF-2FF7-40B0-8733-AC36F0FDAFED}.Debug|Any CPU.ActiveCfg = Debug|Any CPU
		{C3A0DDBF-2FF7-40B0-8733-AC36F0FDAFED}.Debug|Any CPU.Build.0 = Debug|Any CPU
		{C3A0DDBF-2FF7-40B0-8733-AC36F0FDAFED}.Release|Any CPU.ActiveCfg = Release|Any CPU
		{C3A0DDBF-2FF7-40B0-8733-AC36F0FDAFED}.Release|Any CPU.Build.0 = Release|Any CPU
		{2A647F3E-8115-4DBD-940A-C719BF7FF2DF}.Debug|Any CPU.ActiveCfg = Debug|Any CPU
		{2A647F3E-8115-4DBD-940A-C719BF7FF2DF}.Debug|Any CPU.Build.0 = Debug|Any CPU
		{2A647F3E-8115-4DBD-940A-C719BF7FF2DF}.Release|Any CPU.ActiveCfg = Release|Any CPU
		{2A647F3E-8115-4DBD-940A-C719BF7FF2DF}.Release|Any CPU.Build.0 = Release|Any CPU
		{71C12C49-4A65-4DEE-8B4E-89136478A529}.Debug|Any CPU.ActiveCfg = Debug|Any CPU
		{71C12C49-4A65-4DEE-8B4E-89136478A529}.Debug|Any CPU.Build.0 = Debug|Any CPU
		{71C12C49-4A65-4DEE-8B4E-89136478A529}.Release|Any CPU.ActiveCfg = Release|Any CPU
		{71C12C49-4A65-4DEE-8B4E-89136478A529}.Release|Any CPU.Build.0 = Release|Any CPU
	EndGlobalSection
	GlobalSection(SolutionProperties) = preSolution
		HideSolutionNode = FALSE
	EndGlobalSection
EndGlobal
